
Microsoft Visual Studio Solution File, Format Version 12.00
# Visual Studio Version 17
VisualStudioVersion = 17.4.33213.308
MinimumVisualStudioVersion = 10.0.40219.1
Project("{FAE04EC0-301F-11D3-BF4B-00C04F79EFBC}") = "AM.UI.Console", "AM.UI.Console\AM.UI.Console.csproj", "{27FC12A7-1EC5-4383-A68D-FDF0B676942E}"
EndProject
Project("{FAE04EC0-301F-11D3-BF4B-00C04F79EFBC}") = "AM.ApplicationCore", "AM.ApplicationCore\AM.ApplicationCore.csproj", "{D9B0737A-2E70-4206-B445-E36CEB635732}"
EndProject
Global
	GlobalSection(SolutionConfigurationPlatforms) = preSolution
		Debug|Any CPU = Debug|Any CPU
		Release|Any CPU = Release|Any CPU
	EndGlobalSection
	GlobalSection(ProjectConfigurationPlatforms) = postSolution
		{27FC12A7-1EC5-4383-A68D-FDF0B676942E}.Debug|Any CPU.ActiveCfg = Debug|Any CPU
		{27FC12A7-1EC5-4383-A68D-FDF0B676942E}.Debug|Any CPU.Build.0 = Debug|Any CPU
		{27FC12A7-1EC5-4383-A68D-FDF0B676942E}.Release|Any CPU.ActiveCfg = Release|Any CPU
		{27FC12A7-1EC5-4383-A68D-FDF0B676942E}.Release|Any CPU.Build.0 = Release|Any CPU
		{D9B0737A-2E70-4206-B445-E36CEB635732}.Debug|Any CPU.ActiveCfg = Debug|Any CPU
		{D9B0737A-2E70-4206-B445-E36CEB635732}.Debug|Any CPU.Build.0 = Debug|Any CPU
		{D9B0737A-2E70-4206-B445-E36CEB635732}.Release|Any CPU.ActiveCfg = Release|Any CPU
		{D9B0737A-2E70-4206-B445-E36CEB635732}.Release|Any CPU.Build.0 = Release|Any CPU
	EndGlobalSection
	GlobalSection(SolutionProperties) = preSolution
		HideSolutionNode = FALSE
	EndGlobalSection
	GlobalSection(ExtensibilityGlobals) = postSolution
		SolutionGuid = {98654125-D08F-49C1-B934-E5856F7BA30C}
	EndGlobalSection
EndGlobal
